PODS:
  - LCVideoPlayers (0.1.0)
  - Masonry (1.1.0)

DEPENDENCIES:
  - LCVideoPlayers (from `../`)
  - Masonry

SPEC REPOS:
  https://github.com/CocoaPods/Specs.git:
    - Masonry

EXTERNAL SOURCES:
  LCVideoPlayers:
    :path: "../"

SPEC CHECKSUMS:
  LCVideoPlayers: 40ed0e32750702ea441abd29bfa4a6cbcff02b01
  Masonry: 678fab65091a9290e40e2832a55e7ab731aad201

PODFILE CHECKSUM: 4d1a8a9bc71354250cdbe9ddc5c0bb6465588502

COCOAPODS: 1.5.0
